
Microsoft Visual Studio Solution File, Format Version 12.00
# Visual Studio 15
VisualStudioVersion = 15.0.26124.0
MinimumVisualStudioVersion = 15.0.26124.0
Project("{FAE04EC0-301F-11D3-BF4B-00C04F79EFBC}") = "Text", "Text\Text.csproj", "{E14C642C-1E6E-4419-AE1B-533AB63E9E3A}"
EndProject
Project("{FAE04EC0-301F-11D3-BF4B-00C04F79EFBC}") = "Text.Tests", "Text.Tests\Text.Tests.csproj", "{78BC86FA-59CC-48F5-991A-7E69A09A30E8}"
EndProject
Global
	GlobalSection(SolutionConfigurationPlatforms) = preSolution
		Debug|Any CPU = Debug|Any CPU
		Debug|x64 = Debug|x64
		Debug|x86 = Debug|x86
		Release|Any CPU = Release|Any CPU
		Release|x64 = Release|x64
		Release|x86 = Release|x86
	EndGlobalSection
	GlobalSection(SolutionProperties) = preSolution
		HideSolutionNode = FALSE
	EndGlobalSection
	GlobalSection(ProjectConfigurationPlatforms) = postSolution
		{E14C642C-1E6E-4419-AE1B-533AB63E9E3A}.Debug|Any CPU.ActiveCfg = Debug|Any CPU
		{E14C642C-1E6E-4419-AE1B-533AB63E9E3A}.Debug|Any CPU.Build.0 = Debug|Any CPU
		{E14C642C-1E6E-4419-AE1B-533AB63E9E3A}.Debug|x64.ActiveCfg = Debug|Any CPU
		{E14C642C-1E6E-4419-AE1B-533AB63E9E3A}.Debug|x64.Build.0 = Debug|Any CPU
		{E14C642C-1E6E-4419-AE1B-533AB63E9E3A}.Debug|x86.ActiveCfg = Debug|Any CPU
		{E14C642C-1E6E-4419-AE1B-533AB63E9E3A}.Debug|x86.Build.0 = Debug|Any CPU
		{E14C642C-1E6E-4419-AE1B-533AB63E9E3A}.Release|Any CPU.ActiveCfg = Release|Any CPU
		{E14C642C-1E6E-4419-AE1B-533AB63E9E3A}.Release|Any CPU.Build.0 = Release|Any CPU
		{E14C642C-1E6E-4419-AE1B-533AB63E9E3A}.Release|x64.ActiveCfg = Release|Any CPU
		{E14C642C-1E6E-4419-AE1B-533AB63E9E3A}.Release|x64.Build.0 = Release|Any CPU
		{E14C642C-1E6E-4419-AE1B-533AB63E9E3A}.Release|x86.ActiveCfg = Release|Any CPU
		{E14C642C-1E6E-4419-AE1B-533AB63E9E3A}.Release|x86.Build.0 = Release|Any CPU
		{78BC86FA-59CC-48F5-991A-7E69A09A30E8}.Debug|Any CPU.ActiveCfg = Debug|Any CPU
		{78BC86FA-59CC-48F5-991A-7E69A09A30E8}.Debug|Any CPU.Build.0 = Debug|Any CPU
		{78BC86FA-59CC-48F5-991A-7E69A09A30E8}.Debug|x64.ActiveCfg = Debug|Any CPU
		{78BC86FA-59CC-48F5-991A-7E69A09A30E8}.Debug|x64.Build.0 = Debug|Any CPU
		{78BC86FA-59CC-48F5-991A-7E69A09A30E8}.Debug|x86.ActiveCfg = Debug|Any CPU
		{78BC86FA-59CC-48F5-991A-7E69A09A30E8}.Debug|x86.Build.0 = Debug|Any CPU
		{78BC86FA-59CC-48F5-991A-7E69A09A30E8}.Release|Any CPU.ActiveCfg = Release|Any CPU
		{78BC86FA-59CC-48F5-991A-7E69A09A30E8}.Release|Any CPU.Build.0 = Release|Any CPU
		{78BC86FA-59CC-48F5-991A-7E69A09A30E8}.Release|x64.ActiveCfg = Release|Any CPU
		{78BC86FA-59CC-48F5-991A-7E69A09A30E8}.Release|x64.Build.0 = Release|Any CPU
		{78BC86FA-59CC-48F5-991A-7E69A09A30E8}.Release|x86.ActiveCfg = Release|Any CPU
		{78BC86FA-59CC-48F5-991A-7E69A09A30E8}.Release|x86.Build.0 = Release|Any CPU
	EndGlobalSection
EndGlobal
